PODS:
  - xDefine (1.0.7)
  - xExtension (1.1.8):
    - xDefine
  - xSKU (1.1.5):
    - xExtension

DEPENDENCIES:
  - xSKU (from `../`)

SPEC REPOS:
  https://github.com/kaibuleite/xSpecs.git:
    - xDefine
    - xExtension

EXTERNAL SOURCES:
  xSKU:
    :path: "../"

SPEC CHECKSUMS:
  xDefine: e9216a8c29a4a5abce78630e311449182c79a7f3
  xExtension: 410b32f4a0377e4962082c7d1315b4b77454f7aa
  xSKU: ad189650a234266997ebdee68bbe78ee34b724bc

PODFILE CHECKSUM: 12bb148f6e416195e788fc05bb16942e2d47cb58

COCOAPODS: 1.15.2
